// !$*UTF8*$!
{
	archiveVersion = 1;
	classes = {
	};
	objectVersion = 50;
	objects = {

/* Begin PBXBuildFile section */
		27A4D697269EFBE80036DB2C /* AppDelegate.swift in Sources */ = {isa = PBXBuildFile; fileRef = 27A4D696269EFBE80036DB2C /* AppDelegate.swift */; };
		27A4D699269EFBE80036DB2C /* SceneDelegate.swift in Sources */ = {isa = PBXBuildFile; fileRef = 27A4D698269EFBE80036DB2C /* SceneDelegate.swift */; };
		27A4D69B269EFBE80036DB2C /* GirisVC.swift in Sources */ = {isa = PBXBuildFile; fileRef = 27A4D69A269EFBE80036DB2C /* GirisVC.swift */; };
		27A4D69E269EFBE80036DB2C /* Main.storyboard in Resources */ = {isa = PBXBuildFile; fileRef = 27A4D69C269EFBE80036DB2C /* Main.storyboard */; };
		27A4D6A1269EFBE80036DB2C /* MyKitchen.xcdatamodeld in Sources */ = {isa = PBXBuildFile; fileRef = 27A4D69F269EFBE80036DB2C /* MyKitchen.xcdatamodeld */; };
		27A4D6A3269EFBEE0036DB2C /* Assets.xcassets in Resources */ = {isa = PBXBuildFile; fileRef = 27A4D6A2269EFBEE0036DB2C /* Assets.xcassets */; };
		27A4D6A6269EFBEE0036DB2C /* LaunchScreen.storyboard in Resources */ = {isa = PBXBuildFile; fileRef = 27A4D6A4269EFBEE0036DB2C /* LaunchScreen.storyboard */; };
		27A4D6B1269EFBEE0036DB2C /* MyKitchenTests.swift in Sources */ = {isa = PBXBuildFile; fileRef = 27A4D6B0269EFBEE0036DB2C /* MyKitchenTests.swift */; };
		27A4D6BC269EFBEE0036DB2C /* MyKitchenUITests.swift in Sources */ = {isa = PBXBuildFile; fileRef = 27A4D6BB269EFBEE0036DB2C /* MyKitchenUITests.swift */; };
		27A4D6CA269F0DFC0036DB2C /* AnasayfaVC.swift in Sources */ = {isa = PBXBuildFile; fileRef = 27A4D6C9269F0DFC0036DB2C /* AnasayfaVC.swift */; };
		27A4D6CC269F1FCA0036DB2C /* CorbaVC.swift in Sources */ = {isa = PBXBuildFile; fileRef = 27A4D6CB269F1FCA0036DB2C /* CorbaVC.swift */; };
		27A4D6CE269F1FE00036DB2C /* SalataVC.swift in Sources */ = {isa = PBXBuildFile; fileRef = 27A4D6CD269F1FE00036DB2C /* SalataVC.swift */; };
		27A4D6D0269F1FEC0036DB2C /* AnayemekVC.swift in Sources */ = {isa = PBXBuildFile; fileRef = 27A4D6CF269F1FEC0036DB2C /* AnayemekVC.swift */; };
		27A4D6D2269F1FFF0036DB2C /* HamurisiVC.swift in Sources */ = {isa = PBXBuildFile; fileRef = 27A4D6D1269F1FFF0036DB2C /* HamurisiVC.swift */; };
		27A4D6D4269F200C0036DB2C /* TatlıVC.swift in Sources */ = {isa = PBXBuildFile; fileRef = 27A4D6D3269F200C0036DB2C /* TatlıVC.swift */; };
		27A4D6D6269F201B0036DB2C /* DigerVC.swift in Sources */ = {isa = PBXBuildFile; fileRef = 27A4D6D5269F201B0036DB2C /* DigerVC.swift */; };
		27A4D6D8269F822B0036DB2C /* CorbaDetailVC.swift in Sources */ = {isa = PBXBuildFile; fileRef = 27A4D6D7269F822B0036DB2C /* CorbaDetailVC.swift */; };
		27B208EB26A33C9300C9A40A /* SearchVC.swift in Sources */ = {isa = PBXBuildFile; fileRef = 27B208EA26A33C9300C9A40A /* SearchVC.swift */; };
		27B90C7A26A1B7CA00EEBF9D /* CorbaTableViewCell.swift in Sources */ = {isa = PBXBuildFile; fileRef = 27B90C7926A1B7CA00EEBF9D /* CorbaTableViewCell.swift */; };
		27B90C7C26A1D35600EEBF9D /* SalataTableViewCell.swift in Sources */ = {isa = PBXBuildFile; fileRef = 27B90C7B26A1D35600EEBF9D /* SalataTableViewCell.swift */; };
		27B90C7E26A1D36D00EEBF9D /* AnayemekTableViewCell.swift in Sources */ = {isa = PBXBuildFile; fileRef = 27B90C7D26A1D36D00EEBF9D /* AnayemekTableViewCell.swift */; };
		27B90C8026A1D37C00EEBF9D /* HamurisiTableViewCell.swift in Sources */ = {isa = PBXBuildFile; fileRef = 27B90C7F26A1D37C00EEBF9D /* HamurisiTableViewCell.swift */; };
		27B90C8226A1D38900EEBF9D /* TatliTableViewCell.swift in Sources */ = {isa = PBXBuildFile; fileRef = 27B90C8126A1D38900EEBF9D /* TatliTableViewCell.swift */; };
		27B90C8426A1D39800EEBF9D /* DigerTableViewCell.swift in Sources */ = {isa = PBXBuildFile; fileRef = 27B90C8326A1D39800EEBF9D /* DigerTableViewCell.swift */; };
		27BC36BD26A0270700A5AD7E /* SalataDetailVC.swift in Sources */ = {isa = PBXBuildFile; fileRef = 27BC36BC26A0270700A5AD7E /* SalataDetailVC.swift */; };
		27BC36BF26A0272300A5AD7E /* AnayemekDetailVC.swift in Sources */ = {isa = PBXBuildFile; fileRef = 27BC36BE26A0272300A5AD7E /* AnayemekDetailVC.swift */; };
		27BC36C126A0273800A5AD7E /* HamurisiDetailVC.swift in Sources */ = {isa = PBXBuildFile; fileRef = 27BC36C026A0273800A5AD7E /* HamurisiDetailVC.swift */; };
		27BC36C326A0274E00A5AD7E /* TatliDetailVC.swift in Sources */ = {isa = PBXBuildFile; fileRef = 27BC36C226A0274E00A5AD7E /* TatliDetailVC.swift */; };
		27BC36C526A0276100A5AD7E /* DigerDetailVC.swift in Sources */ = {isa = PBXBuildFile; fileRef = 27BC36C426A0276100A5AD7E /* DigerDetailVC.swift */; };
		27C4B85726A433B30078153C /* UrlVC.swift in Sources */ = {isa = PBXBuildFile; fileRef = 27C4B85626A433B30078153C /* UrlVC.swift */; };
/* End PBXBuildFile section */

/* Begin PBXContainerItemProxy section */
		27A4D6AD269EFBEE0036DB2C /* PBXContainerItemProxy */ = {
			isa = PBXContainerItemProxy;
			containerPortal = 27A4D68B269EFBE80036DB2C /* Project object */;
			proxyType = 1;
			remoteGlobalIDString = 27A4D692269EFBE80036DB2C;
			remoteInfo = MyKitchen;
		};
		27A4D6B8269EFBEE0036DB2C /* PBXContainerItemProxy */ = {
			isa = PBXContainerItemProxy;
			containerPortal = 27A4D68B269EFBE80036DB2C /* Project object */;
			proxyType = 1;
			remoteGlobalIDString = 27A4D692269EFBE80036DB2C;
			remoteInfo = MyKitchen;
		};
/* End PBXContainerItemProxy section */

/* Begin PBXFileReference section */
		27A4D693269EFBE80036DB2C /* MyKitchen.app */ = {isa = PBXFileReference; explicitFileType = wrapper.application; includeInIndex = 0; path = MyKitchen.app; sourceTree = BUILT_PRODUCTS_DIR; };
		27A4D696269EFBE80036DB2C /* AppDelegate.swift */ = {isa = PBXFileReference; lastKnownFileType = sourcecode.swift; path = AppDelegate.swift; sourceTree = "<group>"; };
		27A4D698269EFBE80036DB2C /* SceneDelegate.swift */ = {isa = PBXFileReference; lastKnownFileType = sourcecode.swift; path = SceneDelegate.swift; sourceTree = "<group>"; };
		27A4D69A269EFBE80036DB2C /* GirisVC.swift */ = {isa = PBXFileReference; lastKnownFileType = sourcecode.swift; path = GirisVC.swift; sourceTree = "<group>"; };
		27A4D69D269EFBE80036DB2C /* Base */ = {isa = PBXFileReference; lastKnownFileType = file.storyboard; name = Base; path = Base.lproj/Main.storyboard; sourceTree = "<group>"; };
		27A4D6A0269EFBE80036DB2C /* MyKitchen.xcdatamodel */ = {isa = PBXFileReference; lastKnownFileType = wrapper.xcdatamodel; path = MyKitchen.xcdatamodel; sourceTree = "<group>"; };
		27A4D6A2269EFBEE0036DB2C /* Assets.xcassets */ = {isa = PBXFileReference; lastKnownFileType = folder.assetcatalog; path = Assets.xcassets; sourceTree = "<group>"; };
		27A4D6A5269EFBEE0036DB2C /* Base */ = {isa = PBXFileReference; lastKnownFileType = file.storyboard; name = Base; path = Base.lproj/LaunchScreen.storyboard; sourceTree = "<group>"; };
		27A4D6A7269EFBEE0036DB2C /* Info.plist */ = {isa = PBXFileReference; lastKnownFileType = text.plist.xml; path = Info.plist; sourceTree = "<group>"; };
		27A4D6AC269EFBEE0036DB2C /* MyKitchenTests.xctest */ = {isa = PBXFileReference; explicitFileType = wrapper.cfbundle; includeInIndex = 0; path = MyKitchenTests.xctest; sourceTree = BUILT_PRODUCTS_DIR; };
		27A4D6B0269EFBEE0036DB2C /* MyKitchenTests.swift */ = {isa = PBXFileReference; lastKnownFileType = sourcecode.swift; path = MyKitchenTests.swift; sourceTree = "<group>"; };
		27A4D6B2269EFBEE0036DB2C /* Info.plist */ = {isa = PBXFileReference; lastKnownFileType = text.plist.xml; path = Info.plist; sourceTree = "<group>"; };
		27A4D6B7269EFBEE0036DB2C /* MyKitchenUITests.xctest */ = {isa = PBXFileReference; explicitFileType = wrapper.cfbundle; includeInIndex = 0; path = MyKitchenUITests.xctest; sourceTree = BUILT_PRODUCTS_DIR; };
		27A4D6BB269EFBEE0036DB2C /* MyKitchenUITests.swift */ = {isa = PBXFileReference; lastKnownFileType = sourcecode.swift; path = MyKitchenUITests.swift; sourceTree = "<group>"; };
		27A4D6BD269EFBEE0036DB2C /* Info.plist */ = {isa = PBXFileReference; lastKnownFileType = text.plist.xml; path = Info.plist; sourceTree = "<group>"; };
		27A4D6C9269F0DFC0036DB2C /* AnasayfaVC.swift */ = {isa = PBXFileReference; lastKnownFileType = sourcecode.swift; path = AnasayfaVC.swift; sourceTree = "<group>"; };
		27A4D6CB269F1FCA0036DB2C /* CorbaVC.swift */ = {isa = PBXFileReference; lastKnownFileType = sourcecode.swift; path = CorbaVC.swift; sourceTree = "<group>"; };
		27A4D6CD269F1FE00036DB2C /* SalataVC.swift */ = {isa = PBXFileReference; lastKnownFileType = sourcecode.swift; path = SalataVC.swift; sourceTree = "<group>"; };
		27A4D6CF269F1FEC0036DB2C /* AnayemekVC.swift */ = {isa = PBXFileReference; lastKnownFileType = sourcecode.swift; path = AnayemekVC.swift; sourceTree = "<group>"; };
		27A4D6D1269F1FFF0036DB2C /* HamurisiVC.swift */ = {isa = PBXFileReference; lastKnownFileType = sourcecode.swift; path = HamurisiVC.swift; sourceTree = "<group>"; };
		27A4D6D3269F200C0036DB2C /* TatlıVC.swift */ = {isa = PBXFileReference; lastKnownFileType = sourcecode.swift; path = "TatlıVC.swift"; sourceTree = "<group>"; };
		27A4D6D5269F201B0036DB2C /* DigerVC.swift */ = {isa = PBXFileReference; lastKnownFileType = sourcecode.swift; path = DigerVC.swift; sourceTree = "<group>"; };
		27A4D6D7269F822B0036DB2C /* CorbaDetailVC.swift */ = {isa = PBXFileReference; lastKnownFileType = sourcecode.swift; path = CorbaDetailVC.swift; sourceTree = "<group>"; };
		27B208EA26A33C9300C9A40A /* SearchVC.swift */ = {isa = PBXFileReference; lastKnownFileType = sourcecode.swift; path = SearchVC.swift; sourceTree = "<group>"; };
		27B90C7926A1B7CA00EEBF9D /* CorbaTableViewCell.swift */ = {isa = PBXFileReference; lastKnownFileType = sourcecode.swift; path = CorbaTableViewCell.swift; sourceTree = "<group>"; };
		27B90C7B26A1D35600EEBF9D /* SalataTableViewCell.swift */ = {isa = PBXFileReference; lastKnownFileType = sourcecode.swift; path = SalataTableViewCell.swift; sourceTree = "<group>"; };
		27B90C7D26A1D36D00EEBF9D /* AnayemekTableViewCell.swift */ = {isa = PBXFileReference; lastKnownFileType = sourcecode.swift; path = AnayemekTableViewCell.swift; sourceTree = "<group>"; };
		27B90C7F26A1D37C00EEBF9D /* HamurisiTableViewCell.swift */ = {isa = PBXFileReference; lastKnownFileType = sourcecode.swift; path = HamurisiTableViewCell.swift; sourceTree = "<group>"; };
		27B90C8126A1D38900EEBF9D /* TatliTableViewCell.swift */ = {isa = PBXFileReference; lastKnownFileType = sourcecode.swift; path = TatliTableViewCell.swift; sourceTree = "<group>"; };
		27B90C8326A1D39800EEBF9D /* DigerTableViewCell.swift */ = {isa = PBXFileReference; lastKnownFileType = sourcecode.swift; path = DigerTableViewCell.swift; sourceTree = "<group>"; };
		27BC36BC26A0270700A5AD7E /* SalataDetailVC.swift */ = {isa = PBXFileReference; lastKnownFileType = sourcecode.swift; path = SalataDetailVC.swift; sourceTree = "<group>"; };
		27BC36BE26A0272300A5AD7E /* AnayemekDetailVC.swift */ = {isa = PBXFileReference; lastKnownFileType = sourcecode.swift; path = AnayemekDetailVC.swift; sourceTree = "<group>"; };
		27BC36C026A0273800A5AD7E /* HamurisiDetailVC.swift */ = {isa = PBXFileReference; lastKnownFileType = sourcecode.swift; path = HamurisiDetailVC.swift; sourceTree = "<group>"; };
		27BC36C226A0274E00A5AD7E /* TatliDetailVC.swift */ = {isa = PBXFileReference; lastKnownFileType = sourcecode.swift; path = TatliDetailVC.swift; sourceTree = "<group>"; };
		27BC36C426A0276100A5AD7E /* DigerDetailVC.swift */ = {isa = PBXFileReference; lastKnownFileType = sourcecode.swift; path = DigerDetailVC.swift; sourceTree = "<group>"; };
		27C4B85626A433B30078153C /* UrlVC.swift */ = {isa = PBXFileReference; lastKnownFileType = sourcecode.swift; path = UrlVC.swift; sourceTree = "<group>"; };
/* End PBXFileReference section */

/* Begin PBXFrameworksBuildPhase section */
		27A4D690269EFBE80036DB2C /* Frameworks */ = {
			isa = PBXFrameworksBuildPhase;
			buildActionMask = 2147483647;
			files = (
			);
			runOnlyForDeploymentPostprocessing = 0;
		};
		27A4D6A9269EFBEE0036DB2C /* Frameworks */ = {
			isa = PBXFrameworksBuildPhase;
			buildActionMask = 2147483647;
			files = (
			);
			runOnlyForDeploymentPostprocessing = 0;
		};
		27A4D6B4269EFBEE0036DB2C /* Frameworks */ = {
			isa = PBXFrameworksBuildPhase;
			buildActionMask = 2147483647;
			files = (
			);
			runOnlyForDeploymentPostprocessing = 0;
		};
/* End PBXFrameworksBuildPhase section */

/* Begin PBXGroup section */
		27A4D68A269EFBE80036DB2C = {
			isa = PBXGroup;
			children = (
				27A4D695269EFBE80036DB2C /* MyKitchen */,
				27A4D6AF269EFBEE0036DB2C /* MyKitchenTests */,
				27A4D6BA269EFBEE0036DB2C /* MyKitchenUITests */,
				27A4D694269EFBE80036DB2C /* Products */,
			);
			sourceTree = "<group>";
		};
		27A4D694269EFBE80036DB2C /* Products */ = {
			isa = PBXGroup;
			children = (
				27A4D693269EFBE80036DB2C /* MyKitchen.app */,
				27A4D6AC269EFBEE0036DB2C /* MyKitchenTests.xctest */,
				27A4D6B7269EFBEE0036DB2C /* MyKitchenUITests.xctest */,
			);
			name = Products;
			sourceTree = "<group>";
		};
		27A4D695269EFBE80036DB2C /* MyKitchen */ = {
			isa = PBXGroup;
			children = (
				27A4D696269EFBE80036DB2C /* AppDelegate.swift */,
				27A4D698269EFBE80036DB2C /* SceneDelegate.swift */,
				27A4D69A269EFBE80036DB2C /* GirisVC.swift */,
				27A4D6C9269F0DFC0036DB2C /* AnasayfaVC.swift */,
				27B208EA26A33C9300C9A40A /* SearchVC.swift */,
				27C4B85626A433B30078153C /* UrlVC.swift */,
				27A4D6CB269F1FCA0036DB2C /* CorbaVC.swift */,
				27A4D6D7269F822B0036DB2C /* CorbaDetailVC.swift */,
				27B90C7926A1B7CA00EEBF9D /* CorbaTableViewCell.swift */,
				27A4D6CD269F1FE00036DB2C /* SalataVC.swift */,
				27BC36BC26A0270700A5AD7E /* SalataDetailVC.swift */,
				27B90C7B26A1D35600EEBF9D /* SalataTableViewCell.swift */,
				27A4D6CF269F1FEC0036DB2C /* AnayemekVC.swift */,
				27BC36BE26A0272300A5AD7E /* AnayemekDetailVC.swift */,
				27B90C7D26A1D36D00EEBF9D /* AnayemekTableViewCell.swift */,
				27A4D6D1269F1FFF0036DB2C /* HamurisiVC.swift */,
				27BC36C026A0273800A5AD7E /* HamurisiDetailVC.swift */,
				27B90C7F26A1D37C00EEBF9D /* HamurisiTableViewCell.swift */,
				27A4D6D3269F200C0036DB2C /* TatlıVC.swift */,
				27BC36C226A0274E00A5AD7E /* TatliDetailVC.swift */,
				27B90C8126A1D38900EEBF9D /* TatliTableViewCell.swift */,
				27A4D6D5269F201B0036DB2C /* DigerVC.swift */,
				27BC36C426A0276100A5AD7E /* DigerDetailVC.swift */,
				27B90C8326A1D39800EEBF9D /* DigerTableViewCell.swift */,
				27A4D6A2269EFBEE0036DB2C /* Assets.xcassets */,
				27A4D69C269EFBE80036DB2C /* Main.storyboard */,
				27A4D6A4269EFBEE0036DB2C /* LaunchScreen.storyboard */,
				27A4D6A7269EFBEE0036DB2C /* Info.plist */,
				27A4D69F269EFBE80036DB2C /* MyKitchen.xcdatamodeld */,
			);
			path = MyKitchen;
			sourceTree = "<group>";
		};
		27A4D6AF269EFBEE0036DB2C /* MyKitchenTests */ = {
			isa = PBXGroup;
			children = (
				27A4D6B0269EFBEE0036DB2C /* MyKitchenTests.swift */,
				27A4D6B2269EFBEE0036DB2C /* Info.plist */,
			);
			path = MyKitchenTests;
			sourceTree = "<group>";
		};
		27A4D6BA269EFBEE0036DB2C /* MyKitchenUITests */ = {
			isa = PBXGroup;
			children = (
				27A4D6BB269EFBEE0036DB2C /* MyKitchenUITests.swift */,
				27A4D6BD269EFBEE0036DB2C /* Info.plist */,
			);
			path = MyKitchenUITests;
			sourceTree = "<group>";
		};
/* End PBXGroup section */

/* Begin PBXNativeTarget section */
		27A4D692269EFBE80036DB2C /* MyKitchen */ = {
			isa = PBXNativeTarget;
			buildConfigurationList = 27A4D6C0269EFBEE0036DB2C /* Build configuration list for PBXNativeTarget "MyKitchen" */;
			buildPhases = (
				27A4D68F269EFBE80036DB2C /* Sources */,
				27A4D690269EFBE80036DB2C /* Frameworks */,
				27A4D691269EFBE80036DB2C /* Resources */,
			);
			buildRules = (
			);
			dependencies = (
			);
			name = MyKitchen;
			productName = MyKitchen;
			productReference = 27A4D693269EFBE80036DB2C /* MyKitchen.app */;
			productType = "com.apple.product-type.application";
		};
		27A4D6AB269EFBEE0036DB2C /* MyKitchenTests */ = {
			isa = PBXNativeTarget;
			buildConfigurationList = 27A4D6C3269EFBEE0036DB2C /* Build configuration list for PBXNativeTarget "MyKitchenTests" */;
			buildPhases = (
				27A4D6A8269EFBEE0036DB2C /* Sources */,
				27A4D6A9269EFBEE0036DB2C /* Frameworks */,
				27A4D6AA269EFBEE0036DB2C /* Resources */,
			);
			buildRules = (
			);
			dependencies = (
				27A4D6AE269EFBEE0036DB2C /* PBXTargetDependency */,
			);
			name = MyKitchenTests;
			productName = MyKitchenTests;
			productReference = 27A4D6AC269EFBEE0036DB2C /* MyKitchenTests.xctest */;
			productType = "com.apple.product-type.bundle.unit-test";
		};
		27A4D6B6269EFBEE0036DB2C /* MyKitchenUITests */ = {
			isa = PBXNativeTarget;
			buildConfigurationList = 27A4D6C6269EFBEE0036DB2C /* Build configuration list for PBXNativeTarget "MyKitchenUITests" */;
			buildPhases = (
				27A4D6B3269EFBEE0036DB2C /* Sources */,
				27A4D6B4269EFBEE0036DB2C /* Frameworks */,
				27A4D6B5269EFBEE0036DB2C /* Resources */,
			);
			buildRules = (
			);
			dependencies = (
				27A4D6B9269EFBEE0036DB2C /* PBXTargetDependency */,
			);
			name = MyKitchenUITests;
			productName = MyKitchenUITests;
			productReference = 27A4D6B7269EFBEE0036DB2C /* MyKitchenUITests.xctest */;
			productType = "com.apple.product-type.bundle.ui-testing";
		};
/* End PBXNativeTarget section */

/* Begin PBXProject section */
		27A4D68B269EFBE80036DB2C /* Project object */ = {
			isa = PBXProject;
			attributes = {
				LastSwiftUpdateCheck = 1250;
				LastUpgradeCheck = 1250;
				TargetAttributes = {
					27A4D692269EFBE80036DB2C = {
						CreatedOnToolsVersion = 12.5.1;
					};
					27A4D6AB269EFBEE0036DB2C = {
						CreatedOnToolsVersion = 12.5.1;
						TestTargetID = 27A4D692269EFBE80036DB2C;
					};
					27A4D6B6269EFBEE0036DB2C = {
						CreatedOnToolsVersion = 12.5.1;
						TestTargetID = 27A4D692269EFBE80036DB2C;
					};
				};
			};
			buildConfigurationList = 27A4D68E269EFBE80036DB2C /* Build configuration list for PBXProject "MyKitchen" */;
			compatibilityVersion = "Xcode 9.3";
			developmentRegion = en;
			hasScannedForEncodings = 0;
			knownRegions = (
				en,
				Base,
			);
			mainGroup = 27A4D68A269EFBE80036DB2C;
			productRefGroup = 27A4D694269EFBE80036DB2C /* Products */;
			projectDirPath = "";
			projectRoot = "";
			targets = (
				27A4D692269EFBE80036DB2C /* MyKitchen */,
				27A4D6AB269EFBEE0036DB2C /* MyKitchenTests */,
				27A4D6B6269EFBEE0036DB2C /* MyKitchenUITests */,
			);
		};
/* End PBXProject section */

/* Begin PBXResourcesBuildPhase section */
		27A4D691269EFBE80036DB2C /* Resources */ = {
			isa = PBXResourcesBuildPhase;
			buildActionMask = 2147483647;
			files = (
				27A4D6A6269EFBEE0036DB2C /* LaunchScreen.storyboard in Resources */,
				27A4D6A3269EFBEE0036DB2C /* Assets.xcassets in Resources */,
				27A4D69E269EFBE80036DB2C /* Main.storyboard in Resources */,
			);
			runOnlyForDeploymentPostprocessing = 0;
		};
		27A4D6AA269EFBEE0036DB2C /* Resources */ = {
			isa = PBXResourcesBuildPhase;
			buildActionMask = 2147483647;
			files = (
			);
			runOnlyForDeploymentPostprocessing = 0;
		};
		27A4D6B5269EFBEE0036DB2C /* Resources */ = {
			isa = PBXResourcesBuildPhase;
			buildActionMask = 2147483647;
			files = (
			);
			runOnlyForDeploymentPostprocessing = 0;
		};
/* End PBXResourcesBuildPhase section */

/* Begin PBXSourcesBuildPhase section */
		27A4D68F269EFBE80036DB2C /* Sources */ = {
			isa = PBXSourcesBuildPhase;
			buildActionMask = 2147483647;
			files = (
				27BC36C526A0276100A5AD7E /* DigerDetailVC.swift in Sources */,
				27B90C8426A1D39800EEBF9D /* DigerTableViewCell.swift in Sources */,
				27BC36BF26A0272300A5AD7E /* AnayemekDetailVC.swift in Sources */,
				27B90C7C26A1D35600EEBF9D /* SalataTableViewCell.swift in Sources */,
				27A4D6D6269F201B0036DB2C /* DigerVC.swift in Sources */,
				27B208EB26A33C9300C9A40A /* SearchVC.swift in Sources */,
				27A4D6D8269F822B0036DB2C /* CorbaDetailVC.swift in Sources */,
				27B90C8026A1D37C00EEBF9D /* HamurisiTableViewCell.swift in Sources */,
				27A4D6D2269F1FFF0036DB2C /* HamurisiVC.swift in Sources */,
				27B90C7A26A1B7CA00EEBF9D /* CorbaTableViewCell.swift in Sources */,
				27B90C8226A1D38900EEBF9D /* TatliTableViewCell.swift in Sources */,
				27BC36C126A0273800A5AD7E /* HamurisiDetailVC.swift in Sources */,
				27C4B85726A433B30078153C /* UrlVC.swift in Sources */,
				27A4D6CC269F1FCA0036DB2C /* CorbaVC.swift in Sources */,
				27A4D69B269EFBE80036DB2C /* GirisVC.swift in Sources */,
				27A4D697269EFBE80036DB2C /* AppDelegate.swift in Sources */,
				27BC36C326A0274E00A5AD7E /* TatliDetailVC.swift in Sources */,
				27A4D6A1269EFBE80036DB2C /* MyKitchen.xcdatamodeld in Sources */,
				27BC36BD26A0270700A5AD7E /* SalataDetailVC.swift in Sources */,
				27A4D6CE269F1FE00036DB2C /* SalataVC.swift in Sources */,
				27A4D6CA269F0DFC0036DB2C /* AnasayfaVC.swift in Sources */,
				27B90C7E26A1D36D00EEBF9D /* AnayemekTableViewCell.swift in Sources */,
				27A4D699269EFBE80036DB2C /* SceneDelegate.swift in Sources */,
				27A4D6D0269F1FEC0036DB2C /* AnayemekVC.swift in Sources */,
				27A4D6D4269F200C0036DB2C /* TatlıVC.swift in Sources */,
			);
			runOnlyForDeploymentPostprocessing = 0;
		};
		27A4D6A8269EFBEE0036DB2C /* Sources */ = {
			isa = PBXSourcesBuildPhase;
			buildActionMask = 2147483647;
			files = (
				27A4D6B1269EFBEE0036DB2C /* MyKitchenTests.swift in Sources */,
			);
			runOnlyForDeploymentPostprocessing = 0;
		};
		27A4D6B3269EFBEE0036DB2C /* Sources */ = {
			isa = PBXSourcesBuildPhase;
			buildActionMask = 2147483647;
			files = (
				27A4D6BC269EFBEE0036DB2C /* MyKitchenUITests.swift in Sources */,
			);
			runOnlyForDeploymentPostprocessing = 0;
		};
/* End PBXSourcesBuildPhase section */

/* Begin PBXTargetDependency section */
		27A4D6AE269EFBEE0036DB2C /* PBXTargetDependency */ = {
			isa = PBXTargetDependency;
			target = 27A4D692269EFBE80036DB2C /* MyKitchen */;
			targetProxy = 27A4D6AD269EFBEE0036DB2C /* PBXContainerItemProxy */;
		};
		27A4D6B9269EFBEE0036DB2C /* PBXTargetDependency */ = {
			isa = PBXTargetDependency;
			target = 27A4D692269EFBE80036DB2C /* MyKitchen */;
			targetProxy = 27A4D6B8269EFBEE0036DB2C /* PBXContainerItemProxy */;
		};
/* End PBXTargetDependency section */

/* Begin PBXVariantGroup section */
		27A4D69C269EFBE80036DB2C /* Main.storyboard */ = {
			isa = PBXVariantGroup;
			children = (
				27A4D69D269EFBE80036DB2C /* Base */,
			);
			name = Main.storyboard;
			sourceTree = "<group>";
		};
		27A4D6A4269EFBEE0036DB2C /* LaunchScreen.storyboard */ = {
			isa = PBXVariantGroup;
			children = (
				27A4D6A5269EFBEE0036DB2C /* Base */,
			);
			name = LaunchScreen.storyboard;
			sourceTree = "<group>";
		};
/* End PBXVariantGroup section */

/* Begin XCBuildConfiguration section */
		27A4D6BE269EFBEE0036DB2C /* Debug */ = {
			isa = XCBuildConfiguration;
			buildSettings = {
				ALWAYS_SEARCH_USER_PATHS = NO;
				CLANG_ANALYZER_NONNULL = YES;
				CLANG_ANALYZER_NUMBER_OBJECT_CONVERSION = YES_AGGRESSIVE;
				CLANG_CXX_LANGUAGE_STANDARD = "gnu++14";
				CLANG_CXX_LIBRARY = "libc++";
				CLANG_ENABLE_MODULES = YES;
				CLANG_ENABLE_OBJC_ARC = YES;
				CLANG_ENABLE_OBJC_WEAK = YES;
				CLANG_WARN_BLOCK_CAPTURE_AUTORELEASING = YES;
				CLANG_WARN_BOOL_CONVERSION = YES;
				CLANG_WARN_COMMA = YES;
				CLANG_WARN_CONSTANT_CONVERSION = YES;
				CLANG_WARN_DEPRECATED_OBJC_IMPLEMENTATIONS = YES;
				CLANG_WARN_DIRECT_OBJC_ISA_USAGE = YES_ERROR;
				CLANG_WARN_DOCUMENTATION_COMMENTS = YES;
				CLANG_WARN_EMPTY_BODY = YES;
				CLANG_WARN_ENUM_CONVERSION = YES;
				CLANG_WARN_INFINITE_RECURSION = YES;
				CLANG_WARN_INT_CONVERSION = YES;
				CLANG_WARN_NON_LITERAL_NULL_CONVERSION = YES;
				CLANG_WARN_OBJC_IMPLICIT_RETAIN_SELF = YES;
				CLANG_WARN_OBJC_LITERAL_CONVERSION = YES;
				CLANG_WARN_OBJC_ROOT_CLASS = YES_ERROR;
				CLANG_WARN_QUOTED_INCLUDE_IN_FRAMEWORK_HEADER = YES;
				CLANG_WARN_RANGE_LOOP_ANALYSIS = YES;
				CLANG_WARN_STRICT_PROTOTYPES = YES;
				CLANG_WARN_SUSPICIOUS_MOVE = YES;
				CLANG_WARN_UNGUARDED_AVAILABILITY = YES_AGGRESSIVE;
				CLANG_WARN_UNREACHABLE_CODE = YES;
				CLANG_WARN__DUPLICATE_METHOD_MATCH = YES;
				COPY_PHASE_STRIP = NO;
				DEBUG_INFORMATION_FORMAT = dwarf;
				ENABLE_STRICT_OBJC_MSGSEND = YES;
				ENABLE_TESTABILITY = YES;
				GCC_C_LANGUAGE_STANDARD = gnu11;
				GCC_DYNAMIC_NO_PIC = NO;
				GCC_NO_COMMON_BLOCKS = YES;
				GCC_OPTIMIZATION_LEVEL = 0;
				GCC_PREPROCESSOR_DEFINITIONS = (
					"DEBUG=1",
					"$(inherited)",
				);
				GCC_WARN_64_TO_32_BIT_CONVERSION = YES;
				GCC_WARN_ABOUT_RETURN_TYPE = YES_ERROR;
				GCC_WARN_UNDECLARED_SELECTOR = YES;
				GCC_WARN_UNINITIALIZED_AUTOS = YES_AGGRESSIVE;
				GCC_WARN_UNUSED_FUNCTION = YES;
				GCC_WARN_UNUSED_VARIABLE = YES;
				IPHONEOS_DEPLOYMENT_TARGET = 14.5;
				MTL_ENABLE_DEBUG_INFO = INCLUDE_SOURCE;
				MTL_FAST_MATH = YES;
				ONLY_ACTIVE_ARCH = YES;
				SDKROOT = iphoneos;
				SWIFT_ACTIVE_COMPILATION_CONDITIONS = DEBUG;
				SWIFT_OPTIMIZATION_LEVEL = "-Onone";
			};
			name = Debug;
		};
		27A4D6BF269EFBEE0036DB2C /* Release */ = {
			isa = XCBuildConfiguration;
			buildSettings = {
				ALWAYS_SEARCH_USER_PATHS = NO;
				CLANG_ANALYZER_NONNULL = YES;
				CLANG_ANALYZER_NUMBER_OBJECT_CONVERSION = YES_AGGRESSIVE;
				CLANG_CXX_LANGUAGE_STANDARD = "gnu++14";
				CLANG_CXX_LIBRARY = "libc++";
				CLANG_ENABLE_MODULES = YES;
				CLANG_ENABLE_OBJC_ARC = YES;
				CLANG_ENABLE_OBJC_WEAK = YES;
				CLANG_WARN_BLOCK_CAPTURE_AUTORELEASING = YES;
				CLANG_WARN_BOOL_CONVERSION = YES;
				CLANG_WARN_COMMA = YES;
				CLANG_WARN_CONSTANT_CONVERSION = YES;
				CLANG_WARN_DEPRECATED_OBJC_IMPLEMENTATIONS = YES;
				CLANG_WARN_DIRECT_OBJC_ISA_USAGE = YES_ERROR;
				CLANG_WARN_DOCUMENTATION_COMMENTS = YES;
				CLANG_WARN_EMPTY_BODY = YES;
				CLANG_WARN_ENUM_CONVERSION = YES;
				CLANG_WARN_INFINITE_RECURSION = YES;
				CLANG_WARN_INT_CONVERSION = YES;
				CLANG_WARN_NON_LITERAL_NULL_CONVERSION = YES;
				CLANG_WARN_OBJC_IMPLICIT_RETAIN_SELF = YES;
				CLANG_WARN_OBJC_LITERAL_CONVERSION = YES;
				CLANG_WARN_OBJC_ROOT_CLASS = YES_ERROR;
				CLANG_WARN_QUOTED_INCLUDE_IN_FRAMEWORK_HEADER = YES;
				CLANG_WARN_RANGE_LOOP_ANALYSIS = YES;
				CLANG_WARN_STRICT_PROTOTYPES = YES;
				CLANG_WARN_SUSPICIOUS_MOVE = YES;
				CLANG_WARN_UNGUARDED_AVAILABILITY = YES_AGGRESSIVE;
				CLANG_WARN_UNREACHABLE_CODE = YES;
				CLANG_WARN__DUPLICATE_METHOD_MATCH = YES;
				COPY_PHASE_STRIP = NO;
				DEBUG_INFORMATION_FORMAT = "dwarf-with-dsym";
				ENABLE_NS_ASSERTIONS = NO;
				ENABLE_STRICT_OBJC_MSGSEND = YES;
				GCC_C_LANGUAGE_STANDARD = gnu11;
				GCC_NO_COMMON_BLOCKS = YES;
				GCC_WARN_64_TO_32_BIT_CONVERSION = YES;
				GCC_WARN_ABOUT_RETURN_TYPE = YES_ERROR;
				GCC_WARN_UNDECLARED_SELECTOR = YES;
				GCC_WARN_UNINITIALIZED_AUTOS = YES_AGGRESSIVE;
				GCC_WARN_UNUSED_FUNCTION = YES;
				GCC_WARN_UNUSED_VARIABLE = YES;
				IPHONEOS_DEPLOYMENT_TARGET = 14.5;
				MTL_ENABLE_DEBUG_INFO = NO;
				MTL_FAST_MATH = YES;
				SDKROOT = iphoneos;
				SWIFT_COMPILATION_MODE = wholemodule;
				SWIFT_OPTIMIZATION_LEVEL = "-O";
				VALIDATE_PRODUCT = YES;
			};
			name = Release;
		};
		27A4D6C1269EFBEE0036DB2C /* Debug */ = {
			isa = XCBuildConfiguration;
			buildSettings = {
				ASSETCATALOG_COMPILER_APPICON_NAME = AppIcon;
				ASSETCATALOG_COMPILER_GLOBAL_ACCENT_COLOR_NAME = AccentColor;
				CODE_SIGN_STYLE = Automatic;
				INFOPLIST_FILE = MyKitchen/Info.plist;
				LD_RUNPATH_SEARCH_PATHS = (
					"$(inherited)",
					"@executable_path/Frameworks",
				);
				PRODUCT_BUNDLE_IDENTIFIER = com.muhammedYildirim.MyKitchen;
				PRODUCT_NAME = "$(TARGET_NAME)";
				SWIFT_VERSION = 5.0;
				TARGETED_DEVICE_FAMILY = "1,2";
			};
			name = Debug;
		};
		27A4D6C2269EFBEE0036DB2C /* Release */ = {
			isa = XCBuildConfiguration;
			buildSettings = {
				ASSETCATALOG_COMPILER_APPICON_NAME = AppIcon;
				ASSETCATALOG_COMPILER_GLOBAL_ACCENT_COLOR_NAME = AccentColor;
				CODE_SIGN_STYLE = Automatic;
				INFOPLIST_FILE = MyKitchen/Info.plist;
				LD_RUNPATH_SEARCH_PATHS = (
					"$(inherited)",
					"@executable_path/Frameworks",
				);
				PRODUCT_BUNDLE_IDENTIFIER = com.muhammedYildirim.MyKitchen;
				PRODUCT_NAME = "$(TARGET_NAME)";
				SWIFT_VERSION = 5.0;
				TARGETED_DEVICE_FAMILY = "1,2";
			};
			name = Release;
		};
		27A4D6C4269EFBEE0036DB2C /* Debug */ = {
			isa = XCBuildConfiguration;
			buildSettings = {
				ALWAYS_EMBED_SWIFT_STANDARD_LIBRARIES = YES;
				BUNDLE_LOADER = "$(TEST_HOST)";
				CODE_SIGN_STYLE = Automatic;
				INFOPLIST_FILE = MyKitchenTests/Info.plist;
				IPHONEOS_DEPLOYMENT_TARGET = 14.5;
				LD_RUNPATH_SEARCH_PATHS = (
					"$(inherited)",
					"@executable_path/Frameworks",
					"@loader_path/Frameworks",
				);
				PRODUCT_BUNDLE_IDENTIFIER = com.muhammedYildirim.MyKitchenTests;
				PRODUCT_NAME = "$(TARGET_NAME)";
				SWIFT_VERSION = 5.0;
				TARGETED_DEVICE_FAMILY = "1,2";
				TEST_HOST = "$(BUILT_PRODUCTS_DIR)/MyKitchen.app/MyKitchen";
			};
			name = Debug;
		};
		27A4D6C5269EFBEE0036DB2C /* Release */ = {
			isa = XCBuildConfiguration;
			buildSettings = {
				ALWAYS_EMBED_SWIFT_STANDARD_LIBRARIES = YES;
				BUNDLE_LOADER = "$(TEST_HOST)";
				CODE_SIGN_STYLE = Automatic;
				INFOPLIST_FILE = MyKitchenTests/Info.plist;
				IPHONEOS_DEPLOYMENT_TARGET = 14.5;
				LD_RUNPATH_SEARCH_PATHS = (
					"$(inherited)",
					"@executable_path/Frameworks",
					"@loader_path/Frameworks",
				);
				PRODUCT_BUNDLE_IDENTIFIER = com.muhammedYildirim.MyKitchenTests;
				PRODUCT_NAME = "$(TARGET_NAME)";
				SWIFT_VERSION = 5.0;
				TARGETED_DEVICE_FAMILY = "1,2";
				TEST_HOST = "$(BUILT_PRODUCTS_DIR)/MyKitchen.app/MyKitchen";
			};
			name = Release;
		};
		27A4D6C7269EFBEE0036DB2C /* Debug */ = {
			isa = XCBuildConfiguration;
			buildSettings = {
				ALWAYS_EMBED_SWIFT_STANDARD_LIBRARIES = YES;
				CODE_SIGN_STYLE = Automatic;
				INFOPLIST_FILE = MyKitchenUITests/Info.plist;
				LD_RUNPATH_SEARCH_PATHS = (
					"$(inherited)",
					"@executable_path/Frameworks",
					"@loader_path/Frameworks",
				);
				PRODUCT_BUNDLE_IDENTIFIER = com.muhammedYildirim.MyKitchenUITests;
				PRODUCT_NAME = "$(TARGET_NAME)";
				SWIFT_VERSION = 5.0;
				TARGETED_DEVICE_FAMILY = "1,2";
				TEST_TARGET_NAME = MyKitchen;
			};
			name = Debug;
		};
		27A4D6C8269EFBEE0036DB2C /* Release */ = {
			isa = XCBuildConfiguration;
			buildSettings = {
				ALWAYS_EMBED_SWIFT_STANDARD_LIBRARIES = YES;
				CODE_SIGN_STYLE = Automatic;
				INFOPLIST_FILE = MyKitchenUITests/Info.plist;
				LD_RUNPATH_SEARCH_PATHS = (
					"$(inherited)",
					"@executable_path/Frameworks",
					"@loader_path/Frameworks",
				);
				PRODUCT_BUNDLE_IDENTIFIER = com.muhammedYildirim.MyKitchenUITests;
				PRODUCT_NAME = "$(TARGET_NAME)";
				SWIFT_VERSION = 5.0;
				TARGETED_DEVICE_FAMILY = "1,2";
				TEST_TARGET_NAME = MyKitchen;
			};
			name = Release;
		};
/* End XCBuildConfiguration section */

/* Begin XCConfigurationList section */
		27A4D68E269EFBE80036DB2C /* Build configuration list for PBXProject "MyKitchen" */ = {
			isa = XCConfigurationList;
			buildConfigurations = (
				27A4D6BE269EFBEE0036DB2C /* Debug */,
				27A4D6BF269EFBEE0036DB2C /* Release */,
			);
			defaultConfigurationIsVisible = 0;
			defaultConfigurationName = Release;
		};
		27A4D6C0269EFBEE0036DB2C /* Build configuration list for PBXNativeTarget "MyKitchen" */ = {
			isa = XCConfigurationList;
			buildConfigurations = (
				27A4D6C1269EFBEE0036DB2C /* Debug */,
				27A4D6C2269EFBEE0036DB2C /* Release */,
			);
			defaultConfigurationIsVisible = 0;
			defaultConfigurationName = Release;
		};
		27A4D6C3269EFBEE0036DB2C /* Build configuration list for PBXNativeTarget "MyKitchenTests" */ = {
			isa = XCConfigurationList;
			buildConfigurations = (
				27A4D6C4269EFBEE0036DB2C /* Debug */,
				27A4D6C5269EFBEE0036DB2C /* Release */,
			);
			defaultConfigurationIsVisible = 0;
			defaultConfigurationName = Release;
		};
		27A4D6C6269EFBEE0036DB2C /* Build configuration list for PBXNativeTarget "MyKitchenUITests" */ = {
			isa = XCConfigurationList;
			buildConfigurations = (
				27A4D6C7269EFBEE0036DB2C /* Debug */,
				27A4D6C8269EFBEE0036DB2C /* Release */,
			);
			defaultConfigurationIsVisible = 0;
			defaultConfigurationName = Release;
		};
/* End XCConfigurationList section */

/* Begin XCVersionGroup section */
		27A4D69F269EFBE80036DB2C /* MyKitchen.xcdatamodeld */ = {
			isa = XCVersionGroup;
			children = (
				27A4D6A0269EFBE80036DB2C /* MyKitchen.xcdatamodel */,
			);
			currentVersion = 27A4D6A0269EFBE80036DB2C /* MyKitchen.xcdatamodel */;
			path = MyKitchen.xcdatamodeld;
			sourceTree = "<group>";
			versionGroupType = wrapper.xcdatamodel;
		};
/* End XCVersionGroup section */
	};
	rootObject = 27A4D68B269EFBE80036DB2C /* Project object */;
}
